{
  "requires": true,
  "lockfileVersion": 1,
  "dependencies": {
    "react-native-card-stack": {
      "version": "0.2.8",
      "resolved": "https://registry.npmjs.org/react-native-card-stack/-/react-native-card-stack-0.2.8.tgz",
      "integrity": "sha1-C5ppjlVtbOi3cCZWrrya9HCh8nA="
    }
  }
}
